
Microsoft Visual Studio Solution File, Format Version 12.00
# Visual Studio Version 17
VisualStudioVersion = 17.14.36518.9 d17.14
MinimumVisualStudioVersion = 10.0.40219.1
Project("{FAE04EC0-301F-11D3-BF4B-00C04F79EFBC}") = "Bankhantering", "Bankhantering.csproj", "{CAB9B20E-1394-4310-AB48-8759DAE301C5}"
EndProject
Global
	GlobalSection(SolutionConfigurationPlatforms) = preSolution
		Debug|Any CPU = Debug|Any CPU
		Release|Any CPU = Release|Any CPU
	EndGlobalSection
	GlobalSection(ProjectConfigurationPlatforms) = postSolution
		{CAB9B20E-1394-4310-AB48-8759DAE301C5}.Debug|Any CPU.ActiveCfg = Debug|Any CPU
		{CAB9B20E-1394-4310-AB48-8759DAE301C5}.Debug|Any CPU.Build.0 = Debug|Any CPU
		{CAB9B20E-1394-4310-AB48-8759DAE301C5}.Release|Any CPU.ActiveCfg = Release|Any CPU
		{CAB9B20E-1394-4310-AB48-8759DAE301C5}.Release|Any CPU.Build.0 = Release|Any CPU
	EndGlobalSection
	GlobalSection(SolutionProperties) = preSolution
		HideSolutionNode = FALSE
	EndGlobalSection
	GlobalSection(ExtensibilityGlobals) = postSolution
		SolutionGuid = {A4E138BF-3A78-4A82-89FF-D8A6FAE574AD}
	EndGlobalSection
EndGlobal
